
Microsoft Visual Studio Solution File, Format Version 12.00
# Visual Studio 15
VisualStudioVersion = 15.0.28010.2026
MinimumVisualStudioVersion = 10.0.40219.1
Project("{FAE04EC0-301F-11D3-BF4B-00C04F79EFBC}") = "ABV-Invest.Web", "ABV-Invest.Web\ABV-Invest.Web.csproj", "{CE7DCEAD-62B3-43E8-BA67-640B59A41302}"
EndProject
Project("{FAE04EC0-301F-11D3-BF4B-00C04F79EFBC}") = "ABV-Invest.Data", "ABV-Invest.Data\ABV-Invest.Data.csproj", "{CD97DD11-BC73-4FB5-95D9-BA599CF1BA03}"
EndProject
Project("{FAE04EC0-301F-11D3-BF4B-00C04F79EFBC}") = "ABV-Invest.Models", "ABV-Invest.Models\ABV-Invest.Models.csproj", "{040BC4D0-6978-447C-8E88-6DB88724E5B7}"
EndProject
Global
	GlobalSection(SolutionConfigurationPlatforms) = preSolution
		Debug|Any CPU = Debug|Any CPU
		Release|Any CPU = Release|Any CPU
	EndGlobalSection
	GlobalSection(ProjectConfigurationPlatforms) = postSolution
		{CE7DCEAD-62B3-43E8-BA67-640B59A41302}.Debug|Any CPU.ActiveCfg = Debug|Any CPU
		{CE7DCEAD-62B3-43E8-BA67-640B59A41302}.Debug|Any CPU.Build.0 = Debug|Any CPU
		{CE7DCEAD-62B3-43E8-BA67-640B59A41302}.Release|Any CPU.ActiveCfg = Release|Any CPU
		{CE7DCEAD-62B3-43E8-BA67-640B59A41302}.Release|Any CPU.Build.0 = Release|Any CPU
		{CD97DD11-BC73-4FB5-95D9-BA599CF1BA03}.Debug|Any CPU.ActiveCfg = Debug|Any CPU
		{CD97DD11-BC73-4FB5-95D9-BA599CF1BA03}.Debug|Any CPU.Build.0 = Debug|Any CPU
		{CD97DD11-BC73-4FB5-95D9-BA599CF1BA03}.Release|Any CPU.ActiveCfg = Release|Any CPU
		{CD97DD11-BC73-4FB5-95D9-BA599CF1BA03}.Release|Any CPU.Build.0 = Release|Any CPU
		{040BC4D0-6978-447C-8E88-6DB88724E5B7}.Debug|Any CPU.ActiveCfg = Debug|Any CPU
		{040BC4D0-6978-447C-8E88-6DB88724E5B7}.Debug|Any CPU.Build.0 = Debug|Any CPU
		{040BC4D0-6978-447C-8E88-6DB88724E5B7}.Release|Any CPU.ActiveCfg = Release|Any CPU
		{040BC4D0-6978-447C-8E88-6DB88724E5B7}.Release|Any CPU.Build.0 = Release|Any CPU
	EndGlobalSection
	GlobalSection(SolutionProperties) = preSolution
		HideSolutionNode = FALSE
	EndGlobalSection
	GlobalSection(ExtensibilityGlobals) = postSolution
		SolutionGuid = {D61D5D63-57E3-49A8-87FB-BAD7A37F0609}
	EndGlobalSection
EndGlobal
